// !$*UTF8*$!
{
	archiveVersion = 1;
	classes = {
	};
	objectVersion = 50;
	objects = {

/* Begin PBXBuildFile section */
		F3D4BA3B2241A29E00CD5F02 /* AppDelegate.swift in Sources */ = {isa = PBXBuildFile; fileRef = F3D4BA3A2241A29E00CD5F02 /* AppDelegate.swift */; };
		F3D4BA402241A29E00CD5F02 /* Main.storyboard in Resources */ = {isa = PBXBuildFile; fileRef = F3D4BA3E2241A29E00CD5F02 /* Main.storyboard */; };
		F3D4BA422241A29F00CD5F02 /* Assets.xcassets in Resources */ = {isa = PBXBuildFile; fileRef = F3D4BA412241A29F00CD5F02 /* Assets.xcassets */; };
		F3D4BA452241A29F00CD5F02 /* LaunchScreen.storyboard in Resources */ = {isa = PBXBuildFile; fileRef = F3D4BA432241A29F00CD5F02 /* LaunchScreen.storyboard */; };
		F3D4BA502241A29F00CD5F02 /* ProgrammerResourcesTests.swift in Sources */ = {isa = PBXBuildFile; fileRef = F3D4BA4F2241A29F00CD5F02 /* ProgrammerResourcesTests.swift */; };
		F3D4BA5B2241A29F00CD5F02 /* ProgrammerResourcesUITests.swift in Sources */ = {isa = PBXBuildFile; fileRef = F3D4BA5A2241A29F00CD5F02 /* ProgrammerResourcesUITests.swift */; };
		F3D4BA6B2241A45200CD5F02 /* ProgrammerResources.plist in Resources */ = {isa = PBXBuildFile; fileRef = F3D4BA6A2241A45200CD5F02 /* ProgrammerResources.plist */; };
		F3D4BA6D2241A6D300CD5F02 /* DetailViewController.swift in Sources */ = {isa = PBXBuildFile; fileRef = F3D4BA6C2241A6D300CD5F02 /* DetailViewController.swift */; };
		F3D4BA6F2241A6E400CD5F02 /* TableViewController.swift in Sources */ = {isa = PBXBuildFile; fileRef = F3D4BA6E2241A6E400CD5F02 /* TableViewController.swift */; };
		F3D4BA712241A6F000CD5F02 /* WebViewController.swift in Sources */ = {isa = PBXBuildFile; fileRef = F3D4BA702241A6F000CD5F02 /* WebViewController.swift */; };
		F3D4BA732241A6FD00CD5F02 /* Resource.swift in Sources */ = {isa = PBXBuildFile; fileRef = F3D4BA722241A6FD00CD5F02 /* Resource.swift */; };
		F3D4BA752241A70D00CD5F02 /* ResourceDataController.swift in Sources */ = {isa = PBXBuildFile; fileRef = F3D4BA742241A70D00CD5F02 /* ResourceDataController.swift */; };
/* End PBXBuildFile section */

/* Begin PBXContainerItemProxy section */
		F3D4BA4C2241A29F00CD5F02 /* PBXContainerItemProxy */ = {
			isa = PBXContainerItemProxy;
			containerPortal = F3D4BA2F2241A29E00CD5F02 /* Project object */;
			proxyType = 1;
			remoteGlobalIDString = F3D4BA362241A29E00CD5F02;
			remoteInfo = ProgrammerResources;
		};
		F3D4BA572241A29F00CD5F02 /* PBXContainerItemProxy */ = {
			isa = PBXContainerItemProxy;
			containerPortal = F3D4BA2F2241A29E00CD5F02 /* Project object */;
			proxyType = 1;
			remoteGlobalIDString = F3D4BA362241A29E00CD5F02;
			remoteInfo = ProgrammerResources;
		};
/* End PBXContainerItemProxy section */

/* Begin PBXFileReference section */
		F3D4BA372241A29E00CD5F02 /* ProgrammerResources.app */ = {isa = PBXFileReference; explicitFileType = wrapper.application; includeInIndex = 0; path = ProgrammerResources.app; sourceTree = BUILT_PRODUCTS_DIR; };
		F3D4BA3A2241A29E00CD5F02 /* AppDelegate.swift */ = {isa = PBXFileReference; lastKnownFileType = sourcecode.swift; path = AppDelegate.swift; sourceTree = "<group>"; };
		F3D4BA3F2241A29E00CD5F02 /* Base */ = {isa = PBXFileReference; lastKnownFileType = file.storyboard; name = Base; path = Base.lproj/Main.storyboard; sourceTree = "<group>"; };
		F3D4BA412241A29F00CD5F02 /* Assets.xcassets */ = {isa = PBXFileReference; lastKnownFileType = folder.assetcatalog; path = Assets.xcassets; sourceTree = "<group>"; };
		F3D4BA442241A29F00CD5F02 /* Base */ = {isa = PBXFileReference; lastKnownFileType = file.storyboard; name = Base; path = Base.lproj/LaunchScreen.storyboard; sourceTree = "<group>"; };
		F3D4BA462241A29F00CD5F02 /* Info.plist */ = {isa = PBXFileReference; lastKnownFileType = text.plist.xml; path = Info.plist; sourceTree = "<group>"; };
		F3D4BA4B2241A29F00CD5F02 /* ProgrammerResourcesTests.xctest */ = {isa = PBXFileReference; explicitFileType = wrapper.cfbundle; includeInIndex = 0; path = ProgrammerResourcesTests.xctest; sourceTree = BUILT_PRODUCTS_DIR; };
		F3D4BA4F2241A29F00CD5F02 /* ProgrammerResourcesTests.swift */ = {isa = PBXFileReference; lastKnownFileType = sourcecode.swift; path = ProgrammerResourcesTests.swift; sourceTree = "<group>"; };
		F3D4BA512241A29F00CD5F02 /* Info.plist */ = {isa = PBXFileReference; lastKnownFileType = text.plist.xml; path = Info.plist; sourceTree = "<group>"; };
		F3D4BA562241A29F00CD5F02 /* ProgrammerResourcesUITests.xctest */ = {isa = PBXFileReference; explicitFileType = wrapper.cfbundle; includeInIndex = 0; path = ProgrammerResourcesUITests.xctest; sourceTree = BUILT_PRODUCTS_DIR; };
		F3D4BA5A2241A29F00CD5F02 /* ProgrammerResourcesUITests.swift */ = {isa = PBXFileReference; lastKnownFileType = sourcecode.swift; path = ProgrammerResourcesUITests.swift; sourceTree = "<group>"; };
		F3D4BA5C2241A29F00CD5F02 /* Info.plist */ = {isa = PBXFileReference; lastKnownFileType = text.plist.xml; path = Info.plist; sourceTree = "<group>"; };
		F3D4BA6A2241A45200CD5F02 /* ProgrammerResources.plist */ = {isa = PBXFileReference; lastKnownFileType = file.bplist; path = ProgrammerResources.plist; sourceTree = "<group>"; };
		F3D4BA6C2241A6D300CD5F02 /* DetailViewController.swift */ = {isa = PBXFileReference; lastKnownFileType = sourcecode.swift; path = DetailViewController.swift; sourceTree = "<group>"; };
		F3D4BA6E2241A6E400CD5F02 /* TableViewController.swift */ = {isa = PBXFileReference; lastKnownFileType = sourcecode.swift; path = TableViewController.swift; sourceTree = "<group>"; };
		F3D4BA702241A6F000CD5F02 /* WebViewController.swift */ = {isa = PBXFileReference; lastKnownFileType = sourcecode.swift; path = WebViewController.swift; sourceTree = "<group>"; };
		F3D4BA722241A6FD00CD5F02 /* Resource.swift */ = {isa = PBXFileReference; lastKnownFileType = sourcecode.swift; path = Resource.swift; sourceTree = "<group>"; };
		F3D4BA742241A70D00CD5F02 /* ResourceDataController.swift */ = {isa = PBXFileReference; lastKnownFileType = sourcecode.swift; path = ResourceDataController.swift; sourceTree = "<group>"; };
/* End PBXFileReference section */

/* Begin PBXFrameworksBuildPhase section */
		F3D4BA342241A29E00CD5F02 /* Frameworks */ = {
			isa = PBXFrameworksBuildPhase;
			buildActionMask = 2147483647;
			files = (
			);
			runOnlyForDeploymentPostprocessing = 0;
		};
		F3D4BA482241A29F00CD5F02 /* Frameworks */ = {
			isa = PBXFrameworksBuildPhase;
			buildActionMask = 2147483647;
			files = (
			);
			runOnlyForDeploymentPostprocessing = 0;
		};
		F3D4BA532241A29F00CD5F02 /* Frameworks */ = {
			isa = PBXFrameworksBuildPhase;
			buildActionMask = 2147483647;
			files = (
			);
			runOnlyForDeploymentPostprocessing = 0;
		};
/* End PBXFrameworksBuildPhase section */

/* Begin PBXGroup section */
		F3D4BA2E2241A29E00CD5F02 = {
			isa = PBXGroup;
			children = (
				F3D4BA392241A29E00CD5F02 /* ProgrammerResources */,
				F3D4BA4E2241A29F00CD5F02 /* ProgrammerResourcesTests */,
				F3D4BA592241A29F00CD5F02 /* ProgrammerResourcesUITests */,
				F3D4BA382241A29E00CD5F02 /* Products */,
			);
			sourceTree = "<group>";
		};
		F3D4BA382241A29E00CD5F02 /* Products */ = {
			isa = PBXGroup;
			children = (
				F3D4BA372241A29E00CD5F02 /* ProgrammerResources.app */,
				F3D4BA4B2241A29F00CD5F02 /* ProgrammerResourcesTests.xctest */,
				F3D4BA562241A29F00CD5F02 /* ProgrammerResourcesUITests.xctest */,
			);
			name = Products;
			sourceTree = "<group>";
		};
		F3D4BA392241A29E00CD5F02 /* ProgrammerResources */ = {
			isa = PBXGroup;
			children = (
				F3D4BA6A2241A45200CD5F02 /* ProgrammerResources.plist */,
				F3D4BA6C2241A6D300CD5F02 /* DetailViewController.swift */,
				F3D4BA6E2241A6E400CD5F02 /* TableViewController.swift */,
				F3D4BA702241A6F000CD5F02 /* WebViewController.swift */,
				F3D4BA722241A6FD00CD5F02 /* Resource.swift */,
				F3D4BA742241A70D00CD5F02 /* ResourceDataController.swift */,
				F3D4BA3A2241A29E00CD5F02 /* AppDelegate.swift */,
				F3D4BA3E2241A29E00CD5F02 /* Main.storyboard */,
				F3D4BA412241A29F00CD5F02 /* Assets.xcassets */,
				F3D4BA432241A29F00CD5F02 /* LaunchScreen.storyboard */,
				F3D4BA462241A29F00CD5F02 /* Info.plist */,
			);
			path = ProgrammerResources;
			sourceTree = "<group>";
		};
		F3D4BA4E2241A29F00CD5F02 /* ProgrammerResourcesTests */ = {
			isa = PBXGroup;
			children = (
				F3D4BA4F2241A29F00CD5F02 /* ProgrammerResourcesTests.swift */,
				F3D4BA512241A29F00CD5F02 /* Info.plist */,
			);
			path = ProgrammerResourcesTests;
			sourceTree = "<group>";
		};
		F3D4BA592241A29F00CD5F02 /* ProgrammerResourcesUITests */ = {
			isa = PBXGroup;
			children = (
				F3D4BA5A2241A29F00CD5F02 /* ProgrammerResourcesUITests.swift */,
				F3D4BA5C2241A29F00CD5F02 /* Info.plist */,
			);
			path = ProgrammerResourcesUITests;
			sourceTree = "<group>";
		};
/* End PBXGroup section */

/* Begin PBXNativeTarget section */
		F3D4BA362241A29E00CD5F02 /* ProgrammerResources */ = {
			isa = PBXNativeTarget;
			buildConfigurationList = F3D4BA5F2241A29F00CD5F02 /* Build configuration list for PBXNativeTarget "ProgrammerResources" */;
			buildPhases = (
				F3D4BA332241A29E00CD5F02 /* Sources */,
				F3D4BA342241A29E00CD5F02 /* Frameworks */,
				F3D4BA352241A29E00CD5F02 /* Resources */,
			);
			buildRules = (
			);
			dependencies = (
			);
			name = ProgrammerResources;
			productName = ProgrammerResources;
			productReference = F3D4BA372241A29E00CD5F02 /* ProgrammerResources.app */;
			productType = "com.apple.product-type.application";
		};
		F3D4BA4A2241A29F00CD5F02 /* ProgrammerResourcesTests */ = {
			isa = PBXNativeTarget;
			buildConfigurationList = F3D4BA622241A29F00CD5F02 /* Build configuration list for PBXNativeTarget "ProgrammerResourcesTests" */;
			buildPhases = (
				F3D4BA472241A29F00CD5F02 /* Sources */,
				F3D4BA482241A29F00CD5F02 /* Frameworks */,
				F3D4BA492241A29F00CD5F02 /* Resources */,
			);
			buildRules = (
			);
			dependencies = (
				F3D4BA4D2241A29F00CD5F02 /* PBXTargetDependency */,
			);
			name = ProgrammerResourcesTests;
			productName = ProgrammerResourcesTests;
			productReference = F3D4BA4B2241A29F00CD5F02 /* ProgrammerResourcesTests.xctest */;
			productType = "com.apple.product-type.bundle.unit-test";
		};
		F3D4BA552241A29F00CD5F02 /* ProgrammerResourcesUITests */ = {
			isa = PBXNativeTarget;
			buildConfigurationList = F3D4BA652241A29F00CD5F02 /* Build configuration list for PBXNativeTarget "ProgrammerResourcesUITests" */;
			buildPhases = (
				F3D4BA522241A29F00CD5F02 /* Sources */,
				F3D4BA532241A29F00CD5F02 /* Frameworks */,
				F3D4BA542241A29F00CD5F02 /* Resources */,
			);
			buildRules = (
			);
			dependencies = (
				F3D4BA582241A29F00CD5F02 /* PBXTargetDependency */,
			);
			name = ProgrammerResourcesUITests;
			productName = ProgrammerResourcesUITests;
			productReference = F3D4BA562241A29F00CD5F02 /* ProgrammerResourcesUITests.xctest */;
			productType = "com.apple.product-type.bundle.ui-testing";
		};
/* End PBXNativeTarget section */

/* Begin PBXProject section */
		F3D4BA2F2241A29E00CD5F02 /* Project object */ = {
			isa = PBXProject;
			attributes = {
				LastSwiftUpdateCheck = 0940;
				LastUpgradeCheck = 0940;
				ORGANIZATIONNAME = Matthew;
				TargetAttributes = {
					F3D4BA362241A29E00CD5F02 = {
						CreatedOnToolsVersion = 9.4.1;
					};
					F3D4BA4A2241A29F00CD5F02 = {
						CreatedOnToolsVersion = 9.4.1;
						TestTargetID = F3D4BA362241A29E00CD5F02;
					};
					F3D4BA552241A29F00CD5F02 = {
						CreatedOnToolsVersion = 9.4.1;
						TestTargetID = F3D4BA362241A29E00CD5F02;
					};
				};
			};
			buildConfigurationList = F3D4BA322241A29E00CD5F02 /* Build configuration list for PBXProject "ProgrammerResources" */;
			compatibilityVersion = "Xcode 9.3";
			developmentRegion = en;
			hasScannedForEncodings = 0;
			knownRegions = (
				en,
				Base,
			);
			mainGroup = F3D4BA2E2241A29E00CD5F02;
			productRefGroup = F3D4BA382241A29E00CD5F02 /* Products */;
			projectDirPath = "";
			projectRoot = "";
			targets = (
				F3D4BA362241A29E00CD5F02 /* ProgrammerResources */,
				F3D4BA4A2241A29F00CD5F02 /* ProgrammerResourcesTests */,
				F3D4BA552241A29F00CD5F02 /* ProgrammerResourcesUITests */,
			);
		};
/* End PBXProject section */

/* Begin PBXResourcesBuildPhase section */
		F3D4BA352241A29E00CD5F02 /* Resources */ = {
			isa = PBXResourcesBuildPhase;
			buildActionMask = 2147483647;
			files = (
				F3D4BA452241A29F00CD5F02 /* LaunchScreen.storyboard in Resources */,
				F3D4BA422241A29F00CD5F02 /* Assets.xcassets in Resources */,
				F3D4BA6B2241A45200CD5F02 /* ProgrammerResources.plist in Resources */,
				F3D4BA402241A29E00CD5F02 /* Main.storyboard in Resources */,
			);
			runOnlyForDeploymentPostprocessing = 0;
		};
		F3D4BA492241A29F00CD5F02 /* Resources */ = {
			isa = PBXResourcesBuildPhase;
			buildActionMask = 2147483647;
			files = (
			);
			runOnlyForDeploymentPostprocessing = 0;
		};
		F3D4BA542241A29F00CD5F02 /* Resources */ = {
			isa = PBXResourcesBuildPhase;
			buildActionMask = 2147483647;
			files = (
			);
			runOnlyForDeploymentPostprocessing = 0;
		};
/* End PBXResourcesBuildPhase section */

/* Begin PBXSourcesBuildPhase section */
		F3D4BA332241A29E00CD5F02 /* Sources */ = {
			isa = PBXSourcesBuildPhase;
			buildActionMask = 2147483647;
			files = (
				F3D4BA6D2241A6D300CD5F02 /* DetailViewController.swift in Sources */,
				F3D4BA3B2241A29E00CD5F02 /* AppDelegate.swift in Sources */,
				F3D4BA732241A6FD00CD5F02 /* Resource.swift in Sources */,
				F3D4BA712241A6F000CD5F02 /* WebViewController.swift in Sources */,
				F3D4BA752241A70D00CD5F02 /* ResourceDataController.swift in Sources */,
				F3D4BA6F2241A6E400CD5F02 /* TableViewController.swift in Sources */,
			);
			runOnlyForDeploymentPostprocessing = 0;
		};
		F3D4BA472241A29F00CD5F02 /* Sources */ = {
			isa = PBXSourcesBuildPhase;
			buildActionMask = 2147483647;
			files = (
				F3D4BA502241A29F00CD5F02 /* ProgrammerResourcesTests.swift in Sources */,
			);
			runOnlyForDeploymentPostprocessing = 0;
		};
		F3D4BA522241A29F00CD5F02 /* Sources */ = {
			isa = PBXSourcesBuildPhase;
			buildActionMask = 2147483647;
			files = (
				F3D4BA5B2241A29F00CD5F02 /* ProgrammerResourcesUITests.swift in Sources */,
			);
			runOnlyForDeploymentPostprocessing = 0;
		};
/* End PBXSourcesBuildPhase section */

/* Begin PBXTargetDependency section */
		F3D4BA4D2241A29F00CD5F02 /* PBXTargetDependency */ = {
			isa = PBXTargetDependency;
			target = F3D4BA362241A29E00CD5F02 /* ProgrammerResources */;
			targetProxy = F3D4BA4C2241A29F00CD5F02 /* PBXContainerItemProxy */;
		};
		F3D4BA582241A29F00CD5F02 /* PBXTargetDependency */ = {
			isa = PBXTargetDependency;
			target = F3D4BA362241A29E00CD5F02 /* ProgrammerResources */;
			targetProxy = F3D4BA572241A29F00CD5F02 /* PBXContainerItemProxy */;
		};
/* End PBXTargetDependency section */

/* Begin PBXVariantGroup section */
		F3D4BA3E2241A29E00CD5F02 /* Main.storyboard */ = {
			isa = PBXVariantGroup;
			children = (
				F3D4BA3F2241A29E00CD5F02 /* Base */,
			);
			name = Main.storyboard;
			sourceTree = "<group>";
		};
		F3D4BA432241A29F00CD5F02 /* LaunchScreen.storyboard */ = {
			isa = PBXVariantGroup;
			children = (
				F3D4BA442241A29F00CD5F02 /* Base */,
			);
			name = LaunchScreen.storyboard;
			sourceTree = "<group>";
		};
/* End PBXVariantGroup section */

/* Begin XCBuildConfiguration section */
		F3D4BA5D2241A29F00CD5F02 /* Debug */ = {
			isa = XCBuildConfiguration;
			buildSettings = {
				ALWAYS_SEARCH_USER_PATHS = NO;
				CLANG_ANALYZER_NONNULL = YES;
				CLANG_ANALYZER_NUMBER_OBJECT_CONVERSION = YES_AGGRESSIVE;
				CLANG_CXX_LANGUAGE_STANDARD = "gnu++14";
				CLANG_CXX_LIBRARY = "libc++";
				CLANG_ENABLE_MODULES = YES;
				CLANG_ENABLE_OBJC_ARC = YES;
				CLANG_ENABLE_OBJC_WEAK = YES;
				CLANG_WARN_BLOCK_CAPTURE_AUTORELEASING = YES;
				CLANG_WARN_BOOL_CONVERSION = YES;
				CLANG_WARN_COMMA = YES;
				CLANG_WARN_CONSTANT_CONVERSION = YES;
				CLANG_WARN_DEPRECATED_OBJC_IMPLEMENTATIONS = YES;
				CLANG_WARN_DIRECT_OBJC_ISA_USAGE = YES_ERROR;
				CLANG_WARN_DOCUMENTATION_COMMENTS = YES;
				CLANG_WARN_EMPTY_BODY = YES;
				CLANG_WARN_ENUM_CONVERSION = YES;
				CLANG_WARN_INFINITE_RECURSION = YES;
				CLANG_WARN_INT_CONVERSION = YES;
				CLANG_WARN_NON_LITERAL_NULL_CONVERSION = YES;
				CLANG_WARN_OBJC_IMPLICIT_RETAIN_SELF = YES;
				CLANG_WARN_OBJC_LITERAL_CONVERSION = YES;
				CLANG_WARN_OBJC_ROOT_CLASS = YES_ERROR;
				CLANG_WARN_RANGE_LOOP_ANALYSIS = YES;
				CLANG_WARN_STRICT_PROTOTYPES = YES;
				CLANG_WARN_SUSPICIOUS_MOVE = YES;
				CLANG_WARN_UNGUARDED_AVAILABILITY = YES_AGGRESSIVE;
				CLANG_WARN_UNREACHABLE_CODE = YES;
				CLANG_WARN__DUPLICATE_METHOD_MATCH = YES;
				CODE_SIGN_IDENTITY = "iPhone Developer";
				COPY_PHASE_STRIP = NO;
				DEBUG_INFORMATION_FORMAT = dwarf;
				ENABLE_STRICT_OBJC_MSGSEND = YES;
				ENABLE_TESTABILITY = YES;
				GCC_C_LANGUAGE_STANDARD = gnu11;
				GCC_DYNAMIC_NO_PIC = NO;
				GCC_NO_COMMON_BLOCKS = YES;
				GCC_OPTIMIZATION_LEVEL = 0;
				GCC_PREPROCESSOR_DEFINITIONS = (
					"DEBUG=1",
					"$(inherited)",
				);
				GCC_WARN_64_TO_32_BIT_CONVERSION = YES;
				GCC_WARN_ABOUT_RETURN_TYPE = YES_ERROR;
				GCC_WARN_UNDECLARED_SELECTOR = YES;
				GCC_WARN_UNINITIALIZED_AUTOS = YES_AGGRESSIVE;
				GCC_WARN_UNUSED_FUNCTION = YES;
				GCC_WARN_UNUSED_VARIABLE = YES;
				IPHONEOS_DEPLOYMENT_TARGET = 11.4;
				MTL_ENABLE_DEBUG_INFO = YES;
				ONLY_ACTIVE_ARCH = YES;
				SDKROOT = iphoneos;
				SWIFT_ACTIVE_COMPILATION_CONDITIONS = DEBUG;
				SWIFT_OPTIMIZATION_LEVEL = "-Onone";
			};
			name = Debug;
		};
		F3D4BA5E2241A29F00CD5F02 /* Release */ = {
			isa = XCBuildConfiguration;
			buildSettings = {
				ALWAYS_SEARCH_USER_PATHS = NO;
				CLANG_ANALYZER_NONNULL = YES;
				CLANG_ANALYZER_NUMBER_OBJECT_CONVERSION = YES_AGGRESSIVE;
				CLANG_CXX_LANGUAGE_STANDARD = "gnu++14";
				CLANG_CXX_LIBRARY = "libc++";
				CLANG_ENABLE_MODULES = YES;
				CLANG_ENABLE_OBJC_ARC = YES;
				CLANG_ENABLE_OBJC_WEAK = YES;
				CLANG_WARN_BLOCK_CAPTURE_AUTORELEASING = YES;
				CLANG_WARN_BOOL_CONVERSION = YES;
				CLANG_WARN_COMMA = YES;
				CLANG_WARN_CONSTANT_CONVERSION = YES;
				CLANG_WARN_DEPRECATED_OBJC_IMPLEMENTATIONS = YES;
				CLANG_WARN_DIRECT_OBJC_ISA_USAGE = YES_ERROR;
				CLANG_WARN_DOCUMENTATION_COMMENTS = YES;
				CLANG_WARN_EMPTY_BODY = YES;
				CLANG_WARN_ENUM_CONVERSION = YES;
				CLANG_WARN_INFINITE_RECURSION = YES;
				CLANG_WARN_INT_CONVERSION = YES;
				CLANG_WARN_NON_LITERAL_NULL_CONVERSION = YES;
				CLANG_WARN_OBJC_IMPLICIT_RETAIN_SELF = YES;
				CLANG_WARN_OBJC_LITERAL_CONVERSION = YES;
				CLANG_WARN_OBJC_ROOT_CLASS = YES_ERROR;
				CLANG_WARN_RANGE_LOOP_ANALYSIS = YES;
				CLANG_WARN_STRICT_PROTOTYPES = YES;
				CLANG_WARN_SUSPICIOUS_MOVE = YES;
				CLANG_WARN_UNGUARDED_AVAILABILITY = YES_AGGRESSIVE;
				CLANG_WARN_UNREACHABLE_CODE = YES;
				CLANG_WARN__DUPLICATE_METHOD_MATCH = YES;
				CODE_SIGN_IDENTITY = "iPhone Developer";
				COPY_PHASE_STRIP = NO;
				DEBUG_INFORMATION_FORMAT = "dwarf-with-dsym";
				ENABLE_NS_ASSERTIONS = NO;
				ENABLE_STRICT_OBJC_MSGSEND = YES;
				GCC_C_LANGUAGE_STANDARD = gnu11;
				GCC_NO_COMMON_BLOCKS = YES;
				GCC_WARN_64_TO_32_BIT_CONVERSION = YES;
				GCC_WARN_ABOUT_RETURN_TYPE = YES_ERROR;
				GCC_WARN_UNDECLARED_SELECTOR = YES;
				GCC_WARN_UNINITIALIZED_AUTOS = YES_AGGRESSIVE;
				GCC_WARN_UNUSED_FUNCTION = YES;
				GCC_WARN_UNUSED_VARIABLE = YES;
				IPHONEOS_DEPLOYMENT_TARGET = 11.4;
				MTL_ENABLE_DEBUG_INFO = NO;
				SDKROOT = iphoneos;
				SWIFT_COMPILATION_MODE = wholemodule;
				SWIFT_OPTIMIZATION_LEVEL = "-O";
				VALIDATE_PRODUCT = YES;
			};
			name = Release;
		};
		F3D4BA602241A29F00CD5F02 /* Debug */ = {
			isa = XCBuildConfiguration;
			buildSettings = {
				ASSETCATALOG_COMPILER_APPICON_NAME = AppIcon;
				CODE_SIGN_STYLE = Automatic;
				INFOPLIST_FILE = ProgrammerResources/Info.plist;
				LD_RUNPATH_SEARCH_PATHS = (
					"$(inherited)",
					"@executable_path/Frameworks",
				);
				PRODUCT_BUNDLE_IDENTIFIER = Matthew.ProgrammerResources;
				PRODUCT_NAME = "$(TARGET_NAME)";
				SWIFT_VERSION = 4.0;
				TARGETED_DEVICE_FAMILY = "1,2";
			};
			name = Debug;
		};
		F3D4BA612241A29F00CD5F02 /* Release */ = {
			isa = XCBuildConfiguration;
			buildSettings = {
				ASSETCATALOG_COMPILER_APPICON_NAME = AppIcon;
				CODE_SIGN_STYLE = Automatic;
				INFOPLIST_FILE = ProgrammerResources/Info.plist;
				LD_RUNPATH_SEARCH_PATHS = (
					"$(inherited)",
					"@executable_path/Frameworks",
				);
				PRODUCT_BUNDLE_IDENTIFIER = Matthew.ProgrammerResources;
				PRODUCT_NAME = "$(TARGET_NAME)";
				SWIFT_VERSION = 4.0;
				TARGETED_DEVICE_FAMILY = "1,2";
			};
			name = Release;
		};
		F3D4BA632241A29F00CD5F02 /* Debug */ = {
			isa = XCBuildConfiguration;
			buildSettings = {
				ALWAYS_EMBED_SWIFT_STANDARD_LIBRARIES = YES;
				BUNDLE_LOADER = "$(TEST_HOST)";
				CODE_SIGN_STYLE = Automatic;
				INFOPLIST_FILE = ProgrammerResourcesTests/Info.plist;
				LD_RUNPATH_SEARCH_PATHS = (
					"$(inherited)",
					"@executable_path/Frameworks",
					"@loader_path/Frameworks",
				);
				PRODUCT_BUNDLE_IDENTIFIER = Matthew.ProgrammerResourcesTests;
				PRODUCT_NAME = "$(TARGET_NAME)";
				SWIFT_VERSION = 4.0;
				TARGETED_DEVICE_FAMILY = "1,2";
				TEST_HOST = "$(BUILT_PRODUCTS_DIR)/ProgrammerResources.app/ProgrammerResources";
			};
			name = Debug;
		};
		F3D4BA642241A29F00CD5F02 /* Release */ = {
			isa = XCBuildConfiguration;
			buildSettings = {
				ALWAYS_EMBED_SWIFT_STANDARD_LIBRARIES = YES;
				BUNDLE_LOADER = "$(TEST_HOST)";
				CODE_SIGN_STYLE = Automatic;
				INFOPLIST_FILE = ProgrammerResourcesTests/Info.plist;
				LD_RUNPATH_SEARCH_PATHS = (
					"$(inherited)",
					"@executable_path/Frameworks",
					"@loader_path/Frameworks",
				);
				PRODUCT_BUNDLE_IDENTIFIER = Matthew.ProgrammerResourcesTests;
				PRODUCT_NAME = "$(TARGET_NAME)";
				SWIFT_VERSION = 4.0;
				TARGETED_DEVICE_FAMILY = "1,2";
				TEST_HOST = "$(BUILT_PRODUCTS_DIR)/ProgrammerResources.app/ProgrammerResources";
			};
			name = Release;
		};
		F3D4BA662241A29F00CD5F02 /* Debug */ = {
			isa = XCBuildConfiguration;
			buildSettings = {
				ALWAYS_EMBED_SWIFT_STANDARD_LIBRARIES = YES;
				CODE_SIGN_STYLE = Automatic;
				INFOPLIST_FILE = ProgrammerResourcesUITests/Info.plist;
				LD_RUNPATH_SEARCH_PATHS = (
					"$(inherited)",
					"@executable_path/Frameworks",
					"@loader_path/Frameworks",
				);
				PRODUCT_BUNDLE_IDENTIFIER = Matthew.ProgrammerResourcesUITests;
				PRODUCT_NAME = "$(TARGET_NAME)";
				SWIFT_VERSION = 4.0;
				TARGETED_DEVICE_FAMILY = "1,2";
				TEST_TARGET_NAME = ProgrammerResources;
			};
			name = Debug;
		};
		F3D4BA672241A29F00CD5F02 /* Release */ = {
			isa = XCBuildConfiguration;
			buildSettings = {
				ALWAYS_EMBED_SWIFT_STANDARD_LIBRARIES = YES;
				CODE_SIGN_STYLE = Automatic;
				INFOPLIST_FILE = ProgrammerResourcesUITests/Info.plist;
				LD_RUNPATH_SEARCH_PATHS = (
					"$(inherited)",
					"@executable_path/Frameworks",
					"@loader_path/Frameworks",
				);
				PRODUCT_BUNDLE_IDENTIFIER = Matthew.ProgrammerResourcesUITests;
				PRODUCT_NAME = "$(TARGET_NAME)";
				SWIFT_VERSION = 4.0;
				TARGETED_DEVICE_FAMILY = "1,2";
				TEST_TARGET_NAME = ProgrammerResources;
			};
			name = Release;
		};
/* End XCBuildConfiguration section */

/* Begin XCConfigurationList section */
		F3D4BA322241A29E00CD5F02 /* Build configuration list for PBXProject "ProgrammerResources" */ = {
			isa = XCConfigurationList;
			buildConfigurations = (
				F3D4BA5D2241A29F00CD5F02 /* Debug */,
				F3D4BA5E2241A29F00CD5F02 /* Release */,
			);
			defaultConfigurationIsVisible = 0;
			defaultConfigurationName = Release;
		};
		F3D4BA5F2241A29F00CD5F02 /* Build configuration list for PBXNativeTarget "ProgrammerResources" */ = {
			isa = XCConfigurationList;
			buildConfigurations = (
				F3D4BA602241A29F00CD5F02 /* Debug */,
				F3D4BA612241A29F00CD5F02 /* Release */,
			);
			defaultConfigurationIsVisible = 0;
			defaultConfigurationName = Release;
		};
		F3D4BA622241A29F00CD5F02 /* Build configuration list for PBXNativeTarget "ProgrammerResourcesTests" */ = {
			isa = XCConfigurationList;
			buildConfigurations = (
				F3D4BA632241A29F00CD5F02 /* Debug */,
				F3D4BA642241A29F00CD5F02 /* Release */,
			);
			defaultConfigurationIsVisible = 0;
			defaultConfigurationName = Release;
		};
		F3D4BA652241A29F00CD5F02 /* Build configuration list for PBXNativeTarget "ProgrammerResourcesUITests" */ = {
			isa = XCConfigurationList;
			buildConfigurations = (
				F3D4BA662241A29F00CD5F02 /* Debug */,
				F3D4BA672241A29F00CD5F02 /* Release */,
			);
			defaultConfigurationIsVisible = 0;
			defaultConfigurationName = Release;
		};
/* End XCConfigurationList section */
	};
	rootObject = F3D4BA2F2241A29E00CD5F02 /* Project object */;
}
